// !$*UTF8*$!
{
	archiveVersion = 1;
	classes = {
	};
	objectVersion = 50;
	objects = {

/* Begin PBXBuildFile section */
		4CC4672A2385A34000CC3B49 /* app-icons in Resources */ = {isa = PBXBuildFile; fileRef = 4CC467292385A34000CC3B49 /* app-icons */; };
		FC5B058C2381B02B0095A43B /* AppDelegate.swift in Sources */ = {isa = PBXBuildFile; fileRef = FC5B058B2381B02B0095A43B /* AppDelegate.swift */; };
		FC5B058E2381B02B0095A43B /* SceneDelegate.swift in Sources */ = {isa = PBXBuildFile; fileRef = FC5B058D2381B02B0095A43B /* SceneDelegate.swift */; };
		FC5B05952381B02C0095A43B /* Assets.xcassets in Resources */ = {isa = PBXBuildFile; fileRef = FC5B05942381B02C0095A43B /* Assets.xcassets */; };
		FC5B05D22381E68C0095A43B /* ChallengesViewController.swift in Sources */ = {isa = PBXBuildFile; fileRef = FC5B05D12381E68C0095A43B /* ChallengesViewController.swift */; };
		FC5B05D62381E7030095A43B /* ScoreViewController.swift in Sources */ = {isa = PBXBuildFile; fileRef = FC5B05D52381E7030095A43B /* ScoreViewController.swift */; };
		FC5B05D82381E7BF0095A43B /* AchievementsViewController.swift in Sources */ = {isa = PBXBuildFile; fileRef = FC5B05D72381E7BF0095A43B /* AchievementsViewController.swift */; };
		FC5B05DA2381E7EA0095A43B /* SettingsViewController.swift in Sources */ = {isa = PBXBuildFile; fileRef = FC5B05D92381E7EA0095A43B /* SettingsViewController.swift */; };
		FCBCF2AA238525E00018A552 /* ShapeView.swift in Sources */ = {isa = PBXBuildFile; fileRef = FCBCF2A9238525E00018A552 /* ShapeView.swift */; };
		FCBCF2AC2385F3B80018A552 /* RoundedButton.swift in Sources */ = {isa = PBXBuildFile; fileRef = FCBCF2AB2385F3B80018A552 /* RoundedButton.swift */; };
		FCBCF2AE2385FB030018A552 /* PlayGame.storyboard in Resources */ = {isa = PBXBuildFile; fileRef = FCBCF2AD2385FB030018A552 /* PlayGame.storyboard */; };
		FCBCF2B02385FFB60018A552 /* StartGame.storyboard in Resources */ = {isa = PBXBuildFile; fileRef = FCBCF2AF2385FFB60018A552 /* StartGame.storyboard */; };
		FCBCF2B2238600000018A552 /* StartGameViewController.swift in Sources */ = {isa = PBXBuildFile; fileRef = FCBCF2B1238600000018A552 /* StartGameViewController.swift */; };
		FCBCF2B42386AAEB0018A552 /* AppColors.swift in Sources */ = {isa = PBXBuildFile; fileRef = FCBCF2B32386AAEB0018A552 /* AppColors.swift */; };
		FCD5AA952381F02F00738DCB /* Score.storyboard in Resources */ = {isa = PBXBuildFile; fileRef = FCD5AA8E2381F02E00738DCB /* Score.storyboard */; };
		FCD5AA962381F02F00738DCB /* Main.storyboard in Resources */ = {isa = PBXBuildFile; fileRef = FCD5AA8F2381F02E00738DCB /* Main.storyboard */; };
		FCD5AA972381F02F00738DCB /* Settings.storyboard in Resources */ = {isa = PBXBuildFile; fileRef = FCD5AA902381F02F00738DCB /* Settings.storyboard */; };
		FCD5AA982381F02F00738DCB /* LaunchScreen.storyboard in Resources */ = {isa = PBXBuildFile; fileRef = FCD5AA912381F02F00738DCB /* LaunchScreen.storyboard */; };
		FCD5AA992381F02F00738DCB /* Challenges.storyboard in Resources */ = {isa = PBXBuildFile; fileRef = FCD5AA922381F02F00738DCB /* Challenges.storyboard */; };
		FCD5AA9B2381F02F00738DCB /* Achievements.storyboard in Resources */ = {isa = PBXBuildFile; fileRef = FCD5AA942381F02F00738DCB /* Achievements.storyboard */; };
		FCD5AA9D2381FAA500738DCB /* MainTabBarController.swift in Sources */ = {isa = PBXBuildFile; fileRef = FCD5AA9C2381FAA500738DCB /* MainTabBarController.swift */; };
		FCD5AA9F23830B6A00738DCB /* DataModel.swift in Sources */ = {isa = PBXBuildFile; fileRef = FCD5AA9E23830B6A00738DCB /* DataModel.swift */; };
		FCD5AAA3238352F300738DCB /* StreetDrawApplicationFactory.swift in Sources */ = {isa = PBXBuildFile; fileRef = FCD5AAA2238352F300738DCB /* StreetDrawApplicationFactory.swift */; };
		FCD5AAA523835B0400738DCB /* Stopwatch.swift in Sources */ = {isa = PBXBuildFile; fileRef = FCD5AAA423835B0400738DCB /* Stopwatch.swift */; };
		FCD5AAA72383E69000738DCB /* UILoggingViewController.swift in Sources */ = {isa = PBXBuildFile; fileRef = FCD5AAA62383E69000738DCB /* UILoggingViewController.swift */; };
		FCD5AAA92383FC8900738DCB /* ChallengeTableViewCell.swift in Sources */ = {isa = PBXBuildFile; fileRef = FCD5AAA82383FC8900738DCB /* ChallengeTableViewCell.swift */; };
/* End PBXBuildFile section */

/* Begin PBXFileReference section */
		4CC467292385A34000CC3B49 /* app-icons */ = {isa = PBXFileReference; lastKnownFileType = folder; path = "app-icons"; sourceTree = "<group>"; };
		FC5B05882381B02B0095A43B /* StreetDraw.app */ = {isa = PBXFileReference; explicitFileType = wrapper.application; includeInIndex = 0; path = StreetDraw.app; sourceTree = BUILT_PRODUCTS_DIR; };
		FC5B058B2381B02B0095A43B /* AppDelegate.swift */ = {isa = PBXFileReference; lastKnownFileType = sourcecode.swift; path = AppDelegate.swift; sourceTree = "<group>"; };
		FC5B058D2381B02B0095A43B /* SceneDelegate.swift */ = {isa = PBXFileReference; lastKnownFileType = sourcecode.swift; path = SceneDelegate.swift; sourceTree = "<group>"; };
		FC5B05942381B02C0095A43B /* Assets.xcassets */ = {isa = PBXFileReference; lastKnownFileType = folder.assetcatalog; path = Assets.xcassets; sourceTree = "<group>"; };
		FC5B05992381B02C0095A43B /* Info.plist */ = {isa = PBXFileReference; lastKnownFileType = text.plist.xml; path = Info.plist; sourceTree = "<group>"; };
		FC5B05D12381E68C0095A43B /* ChallengesViewController.swift */ = {isa = PBXFileReference; lastKnownFileType = sourcecode.swift; path = ChallengesViewController.swift; sourceTree = "<group>"; };
		FC5B05D52381E7030095A43B /* ScoreViewController.swift */ = {isa = PBXFileReference; lastKnownFileType = sourcecode.swift; path = ScoreViewController.swift; sourceTree = "<group>"; };
		FC5B05D72381E7BF0095A43B /* AchievementsViewController.swift */ = {isa = PBXFileReference; lastKnownFileType = sourcecode.swift; path = AchievementsViewController.swift; sourceTree = "<group>"; };
		FC5B05D92381E7EA0095A43B /* SettingsViewController.swift */ = {isa = PBXFileReference; lastKnownFileType = sourcecode.swift; path = SettingsViewController.swift; sourceTree = "<group>"; };
		FCBCF2A9238525E00018A552 /* ShapeView.swift */ = {isa = PBXFileReference; lastKnownFileType = sourcecode.swift; path = ShapeView.swift; sourceTree = "<group>"; };
		FCBCF2AB2385F3B80018A552 /* RoundedButton.swift */ = {isa = PBXFileReference; lastKnownFileType = sourcecode.swift; path = RoundedButton.swift; sourceTree = "<group>"; };
		FCBCF2AD2385FB030018A552 /* PlayGame.storyboard */ = {isa = PBXFileReference; lastKnownFileType = file.storyboard; path = PlayGame.storyboard; sourceTree = "<group>"; };
		FCBCF2AF2385FFB60018A552 /* StartGame.storyboard */ = {isa = PBXFileReference; fileEncoding = 4; lastKnownFileType = file.storyboard; path = StartGame.storyboard; sourceTree = "<group>"; };
		FCBCF2B1238600000018A552 /* StartGameViewController.swift */ = {isa = PBXFileReference; fileEncoding = 4; lastKnownFileType = sourcecode.swift; path = StartGameViewController.swift; sourceTree = "<group>"; };
		FCBCF2B32386AAEB0018A552 /* AppColors.swift */ = {isa = PBXFileReference; lastKnownFileType = sourcecode.swift; path = AppColors.swift; sourceTree = "<group>"; };
		FCD5AA8E2381F02E00738DCB /* Score.storyboard */ = {isa = PBXFileReference; fileEncoding = 4; lastKnownFileType = file.storyboard; path = Score.storyboard; sourceTree = "<group>"; };
		FCD5AA8F2381F02E00738DCB /* Main.storyboard */ = {isa = PBXFileReference; fileEncoding = 4; lastKnownFileType = file.storyboard; path = Main.storyboard; sourceTree = "<group>"; };
		FCD5AA902381F02F00738DCB /* Settings.storyboard */ = {isa = PBXFileReference; fileEncoding = 4; lastKnownFileType = file.storyboard; path = Settings.storyboard; sourceTree = "<group>"; };
		FCD5AA912381F02F00738DCB /* LaunchScreen.storyboard */ = {isa = PBXFileReference; fileEncoding = 4; lastKnownFileType = file.storyboard; path = LaunchScreen.storyboard; sourceTree = "<group>"; };
		FCD5AA922381F02F00738DCB /* Challenges.storyboard */ = {isa = PBXFileReference; fileEncoding = 4; lastKnownFileType = file.storyboard; path = Challenges.storyboard; sourceTree = "<group>"; };
		FCD5AA942381F02F00738DCB /* Achievements.storyboard */ = {isa = PBXFileReference; fileEncoding = 4; lastKnownFileType = file.storyboard; path = Achievements.storyboard; sourceTree = "<group>"; };
		FCD5AA9C2381FAA500738DCB /* MainTabBarController.swift */ = {isa = PBXFileReference; lastKnownFileType = sourcecode.swift; path = MainTabBarController.swift; sourceTree = "<group>"; };
		FCD5AA9E23830B6A00738DCB /* DataModel.swift */ = {isa = PBXFileReference; lastKnownFileType = sourcecode.swift; path = DataModel.swift; sourceTree = "<group>"; };
		FCD5AAA2238352F300738DCB /* StreetDrawApplicationFactory.swift */ = {isa = PBXFileReference; lastKnownFileType = sourcecode.swift; path = StreetDrawApplicationFactory.swift; sourceTree = "<group>"; };
		FCD5AAA423835B0400738DCB /* Stopwatch.swift */ = {isa = PBXFileReference; lastKnownFileType = sourcecode.swift; path = Stopwatch.swift; sourceTree = "<group>"; };
		FCD5AAA62383E69000738DCB /* UILoggingViewController.swift */ = {isa = PBXFileReference; fileEncoding = 4; lastKnownFileType = sourcecode.swift; path = UILoggingViewController.swift; sourceTree = "<group>"; };
		FCD5AAA82383FC8900738DCB /* ChallengeTableViewCell.swift */ = {isa = PBXFileReference; lastKnownFileType = sourcecode.swift; path = ChallengeTableViewCell.swift; sourceTree = "<group>"; };
/* End PBXFileReference section */

/* Begin PBXFrameworksBuildPhase section */
		FC5B05852381B02B0095A43B /* Frameworks */ = {
			isa = PBXFrameworksBuildPhase;
			buildActionMask = 2147483647;
			files = (
			);
			runOnlyForDeploymentPostprocessing = 0;
		};
/* End PBXFrameworksBuildPhase section */

/* Begin PBXGroup section */
		FC5B057F2381B02B0095A43B = {
			isa = PBXGroup;
			children = (
				FC5B058A2381B02B0095A43B /* StreetDraw */,
				FC5B05892381B02B0095A43B /* Products */,
			);
			sourceTree = "<group>";
		};
		FC5B05892381B02B0095A43B /* Products */ = {
			isa = PBXGroup;
			children = (
				FC5B05882381B02B0095A43B /* StreetDraw.app */,
			);
			name = Products;
			sourceTree = "<group>";
		};
		FC5B058A2381B02B0095A43B /* StreetDraw */ = {
			isa = PBXGroup;
			children = (
				4CC467292385A34000CC3B49 /* app-icons */,
				FC5B05942381B02C0095A43B /* Assets.xcassets */,
				FC5B05992381B02C0095A43B /* Info.plist */,
				FC5B058B2381B02B0095A43B /* AppDelegate.swift */,
				FC5B058D2381B02B0095A43B /* SceneDelegate.swift */,
				FCD5AA912381F02F00738DCB /* LaunchScreen.storyboard */,
				FCD5AA8F2381F02E00738DCB /* Main.storyboard */,
				FCD5AA9C2381FAA500738DCB /* MainTabBarController.swift */,
				FCD5AA922381F02F00738DCB /* Challenges.storyboard */,
				FC5B05D12381E68C0095A43B /* ChallengesViewController.swift */,
				FCD5AAA82383FC8900738DCB /* ChallengeTableViewCell.swift */,
				FCBCF2AF2385FFB60018A552 /* StartGame.storyboard */,
				FCBCF2B1238600000018A552 /* StartGameViewController.swift */,
				FCBCF2AD2385FB030018A552 /* PlayGame.storyboard */,
				FCD5AA942381F02F00738DCB /* Achievements.storyboard */,
				FC5B05D72381E7BF0095A43B /* AchievementsViewController.swift */,
				FCD5AA8E2381F02E00738DCB /* Score.storyboard */,
				FC5B05D52381E7030095A43B /* ScoreViewController.swift */,
				FCD5AA902381F02F00738DCB /* Settings.storyboard */,
				FC5B05D92381E7EA0095A43B /* SettingsViewController.swift */,
				FCBCF2A9238525E00018A552 /* ShapeView.swift */,
				FCD5AA9E23830B6A00738DCB /* DataModel.swift */,
				FCD5AAA2238352F300738DCB /* StreetDrawApplicationFactory.swift */,
				FCD5AAA423835B0400738DCB /* Stopwatch.swift */,
				FCD5AAA62383E69000738DCB /* UILoggingViewController.swift */,
				FCBCF2AB2385F3B80018A552 /* RoundedButton.swift */,
				FCBCF2B32386AAEB0018A552 /* AppColors.swift */,
			);
			path = StreetDraw;
			sourceTree = "<group>";
		};
/* End PBXGroup section */

/* Begin PBXNativeTarget section */
		FC5B05872381B02B0095A43B /* StreetDraw */ = {
			isa = PBXNativeTarget;
			buildConfigurationList = FC5B059C2381B02C0095A43B /* Build configuration list for PBXNativeTarget "StreetDraw" */;
			buildPhases = (
				FC5B05842381B02B0095A43B /* Sources */,
				FC5B05852381B02B0095A43B /* Frameworks */,
				FC5B05862381B02B0095A43B /* Resources */,
			);
			buildRules = (
			);
			dependencies = (
			);
			name = StreetDraw;
			productName = StreetDraw;
			productReference = FC5B05882381B02B0095A43B /* StreetDraw.app */;
			productType = "com.apple.product-type.application";
		};
/* End PBXNativeTarget section */

/* Begin PBXProject section */
		FC5B05802381B02B0095A43B /* Project object */ = {
			isa = PBXProject;
			attributes = {
				LastSwiftUpdateCheck = 1120;
				LastUpgradeCheck = 1120;
				ORGANIZATIONNAME = "Roland Schmitz";
				TargetAttributes = {
					FC5B05872381B02B0095A43B = {
						CreatedOnToolsVersion = 11.2.1;
					};
				};
			};
			buildConfigurationList = FC5B05832381B02B0095A43B /* Build configuration list for PBXProject "StreetDraw" */;
			compatibilityVersion = "Xcode 9.3";
			developmentRegion = en;
			hasScannedForEncodings = 0;
			knownRegions = (
				en,
				Base,
			);
			mainGroup = FC5B057F2381B02B0095A43B;
			productRefGroup = FC5B05892381B02B0095A43B /* Products */;
			projectDirPath = "";
			projectRoot = "";
			targets = (
				FC5B05872381B02B0095A43B /* StreetDraw */,
			);
		};
/* End PBXProject section */

/* Begin PBXResourcesBuildPhase section */
		FC5B05862381B02B0095A43B /* Resources */ = {
			isa = PBXResourcesBuildPhase;
			buildActionMask = 2147483647;
			files = (
				FCBCF2AE2385FB030018A552 /* PlayGame.storyboard in Resources */,
				FCD5AA962381F02F00738DCB /* Main.storyboard in Resources */,
				FCD5AA9B2381F02F00738DCB /* Achievements.storyboard in Resources */,
				FCD5AA972381F02F00738DCB /* Settings.storyboard in Resources */,
				FCBCF2B02385FFB60018A552 /* StartGame.storyboard in Resources */,
				FCD5AA952381F02F00738DCB /* Score.storyboard in Resources */,
				4CC4672A2385A34000CC3B49 /* app-icons in Resources */,
				FCD5AA992381F02F00738DCB /* Challenges.storyboard in Resources */,
				FC5B05952381B02C0095A43B /* Assets.xcassets in Resources */,
				FCD5AA982381F02F00738DCB /* LaunchScreen.storyboard in Resources */,
			);
			runOnlyForDeploymentPostprocessing = 0;
		};
/* End PBXResourcesBuildPhase section */

/* Begin PBXSourcesBuildPhase section */
		FC5B05842381B02B0095A43B /* Sources */ = {
			isa = PBXSourcesBuildPhase;
			buildActionMask = 2147483647;
			files = (
				FC5B058C2381B02B0095A43B /* AppDelegate.swift in Sources */,
				FCBCF2AC2385F3B80018A552 /* RoundedButton.swift in Sources */,
				FCD5AAA92383FC8900738DCB /* ChallengeTableViewCell.swift in Sources */,
				FCD5AA9D2381FAA500738DCB /* MainTabBarController.swift in Sources */,
				FC5B05D22381E68C0095A43B /* ChallengesViewController.swift in Sources */,
				FCD5AAA523835B0400738DCB /* Stopwatch.swift in Sources */,
				FCBCF2AA238525E00018A552 /* ShapeView.swift in Sources */,
				FC5B058E2381B02B0095A43B /* SceneDelegate.swift in Sources */,
				FCD5AAA3238352F300738DCB /* StreetDrawApplicationFactory.swift in Sources */,
				FC5B05D82381E7BF0095A43B /* AchievementsViewController.swift in Sources */,
				FCD5AAA72383E69000738DCB /* UILoggingViewController.swift in Sources */,
				FC5B05D62381E7030095A43B /* ScoreViewController.swift in Sources */,
				FC5B05DA2381E7EA0095A43B /* SettingsViewController.swift in Sources */,
				FCBCF2B42386AAEB0018A552 /* AppColors.swift in Sources */,
				FCD5AA9F23830B6A00738DCB /* DataModel.swift in Sources */,
				FCBCF2B2238600000018A552 /* StartGameViewController.swift in Sources */,
			);
			runOnlyForDeploymentPostprocessing = 0;
		};
/* End PBXSourcesBuildPhase section */

/* Begin XCBuildConfiguration section */
		FC5B059A2381B02C0095A43B /* Debug */ = {
			isa = XCBuildConfiguration;
			buildSettings = {
				ALWAYS_SEARCH_USER_PATHS = NO;
				CLANG_ANALYZER_NONNULL = YES;
				CLANG_ANALYZER_NUMBER_OBJECT_CONVERSION = YES_AGGRESSIVE;
				CLANG_CXX_LANGUAGE_STANDARD = "gnu++14";
				CLANG_CXX_LIBRARY = "libc++";
				CLANG_ENABLE_MODULES = YES;
				CLANG_ENABLE_OBJC_ARC = YES;
				CLANG_ENABLE_OBJC_WEAK = YES;
				CLANG_WARN_BLOCK_CAPTURE_AUTORELEASING = YES;
				CLANG_WARN_BOOL_CONVERSION = YES;
				CLANG_WARN_COMMA = YES;
				CLANG_WARN_CONSTANT_CONVERSION = YES;
				CLANG_WARN_DEPRECATED_OBJC_IMPLEMENTATIONS = YES;
				CLANG_WARN_DIRECT_OBJC_ISA_USAGE = YES_ERROR;
				CLANG_WARN_DOCUMENTATION_COMMENTS = YES;
				CLANG_WARN_EMPTY_BODY = YES;
				CLANG_WARN_ENUM_CONVERSION = YES;
				CLANG_WARN_INFINITE_RECURSION = YES;
				CLANG_WARN_INT_CONVERSION = YES;
				CLANG_WARN_NON_LITERAL_NULL_CONVERSION = YES;
				CLANG_WARN_OBJC_IMPLICIT_RETAIN_SELF = YES;
				CLANG_WARN_OBJC_LITERAL_CONVERSION = YES;
				CLANG_WARN_OBJC_ROOT_CLASS = YES_ERROR;
				CLANG_WARN_RANGE_LOOP_ANALYSIS = YES;
				CLANG_WARN_STRICT_PROTOTYPES = YES;
				CLANG_WARN_SUSPICIOUS_MOVE = YES;
				CLANG_WARN_UNGUARDED_AVAILABILITY = YES_AGGRESSIVE;
				CLANG_WARN_UNREACHABLE_CODE = YES;
				CLANG_WARN__DUPLICATE_METHOD_MATCH = YES;
				COPY_PHASE_STRIP = NO;
				DEBUG_INFORMATION_FORMAT = dwarf;
				ENABLE_STRICT_OBJC_MSGSEND = YES;
				ENABLE_TESTABILITY = YES;
				GCC_C_LANGUAGE_STANDARD = gnu11;
				GCC_DYNAMIC_NO_PIC = NO;
				GCC_NO_COMMON_BLOCKS = YES;
				GCC_OPTIMIZATION_LEVEL = 0;
				GCC_PREPROCESSOR_DEFINITIONS = (
					"DEBUG=1",
					"$(inherited)",
				);
				GCC_WARN_64_TO_32_BIT_CONVERSION = YES;
				GCC_WARN_ABOUT_RETURN_TYPE = YES_ERROR;
				GCC_WARN_UNDECLARED_SELECTOR = YES;
				GCC_WARN_UNINITIALIZED_AUTOS = YES_AGGRESSIVE;
				GCC_WARN_UNUSED_FUNCTION = YES;
				GCC_WARN_UNUSED_VARIABLE = YES;
				IPHONEOS_DEPLOYMENT_TARGET = 13.2;
				MTL_ENABLE_DEBUG_INFO = INCLUDE_SOURCE;
				MTL_FAST_MATH = YES;
				ONLY_ACTIVE_ARCH = YES;
				SDKROOT = iphoneos;
				SWIFT_ACTIVE_COMPILATION_CONDITIONS = DEBUG;
				SWIFT_OPTIMIZATION_LEVEL = "-Onone";
			};
			name = Debug;
		};
		FC5B059B2381B02C0095A43B /* Release */ = {
			isa = XCBuildConfiguration;
			buildSettings = {
				ALWAYS_SEARCH_USER_PATHS = NO;
				CLANG_ANALYZER_NONNULL = YES;
				CLANG_ANALYZER_NUMBER_OBJECT_CONVERSION = YES_AGGRESSIVE;
				CLANG_CXX_LANGUAGE_STANDARD = "gnu++14";
				CLANG_CXX_LIBRARY = "libc++";
				CLANG_ENABLE_MODULES = YES;
				CLANG_ENABLE_OBJC_ARC = YES;
				CLANG_ENABLE_OBJC_WEAK = YES;
				CLANG_WARN_BLOCK_CAPTURE_AUTORELEASING = YES;
				CLANG_WARN_BOOL_CONVERSION = YES;
				CLANG_WARN_COMMA = YES;
				CLANG_WARN_CONSTANT_CONVERSION = YES;
				CLANG_WARN_DEPRECATED_OBJC_IMPLEMENTATIONS = YES;
				CLANG_WARN_DIRECT_OBJC_ISA_USAGE = YES_ERROR;
				CLANG_WARN_DOCUMENTATION_COMMENTS = YES;
				CLANG_WARN_EMPTY_BODY = YES;
				CLANG_WARN_ENUM_CONVERSION = YES;
				CLANG_WARN_INFINITE_RECURSION = YES;
				CLANG_WARN_INT_CONVERSION = YES;
				CLANG_WARN_NON_LITERAL_NULL_CONVERSION = YES;
				CLANG_WARN_OBJC_IMPLICIT_RETAIN_SELF = YES;
				CLANG_WARN_OBJC_LITERAL_CONVERSION = YES;
				CLANG_WARN_OBJC_ROOT_CLASS = YES_ERROR;
				CLANG_WARN_RANGE_LOOP_ANALYSIS = YES;
				CLANG_WARN_STRICT_PROTOTYPES = YES;
				CLANG_WARN_SUSPICIOUS_MOVE = YES;
				CLANG_WARN_UNGUARDED_AVAILABILITY = YES_AGGRESSIVE;
				CLANG_WARN_UNREACHABLE_CODE = YES;
				CLANG_WARN__DUPLICATE_METHOD_MATCH = YES;
				COPY_PHASE_STRIP = NO;
				DEBUG_INFORMATION_FORMAT = "dwarf-with-dsym";
				ENABLE_NS_ASSERTIONS = NO;
				ENABLE_STRICT_OBJC_MSGSEND = YES;
				GCC_C_LANGUAGE_STANDARD = gnu11;
				GCC_NO_COMMON_BLOCKS = YES;
				GCC_WARN_64_TO_32_BIT_CONVERSION = YES;
				GCC_WARN_ABOUT_RETURN_TYPE = YES_ERROR;
				GCC_WARN_UNDECLARED_SELECTOR = YES;
				GCC_WARN_UNINITIALIZED_AUTOS = YES_AGGRESSIVE;
				GCC_WARN_UNUSED_FUNCTION = YES;
				GCC_WARN_UNUSED_VARIABLE = YES;
				IPHONEOS_DEPLOYMENT_TARGET = 13.2;
				MTL_ENABLE_DEBUG_INFO = NO;
				MTL_FAST_MATH = YES;
				SDKROOT = iphoneos;
				SWIFT_COMPILATION_MODE = wholemodule;
				SWIFT_OPTIMIZATION_LEVEL = "-O";
				VALIDATE_PRODUCT = YES;
			};
			name = Release;
		};
		FC5B059D2381B02C0095A43B /* Debug */ = {
			isa = XCBuildConfiguration;
			buildSettings = {
				ASSETCATALOG_COMPILER_APPICON_NAME = AppIcon;
				CODE_SIGN_STYLE = Automatic;
				DEVELOPMENT_TEAM = EE29XD2KE9;
				INFOPLIST_FILE = StreetDraw/Info.plist;
				LD_RUNPATH_SEARCH_PATHS = (
					"$(inherited)",
					"@executable_path/Frameworks",
				);
				PRODUCT_BUNDLE_IDENTIFIER = de2rs.StreetDrawrs;
				PRODUCT_NAME = "$(TARGET_NAME)";
				SWIFT_VERSION = 5.0;
				TARGETED_DEVICE_FAMILY = "1,2";
			};
			name = Debug;
		};
		FC5B059E2381B02C0095A43B /* Release */ = {
			isa = XCBuildConfiguration;
			buildSettings = {
				ASSETCATALOG_COMPILER_APPICON_NAME = AppIcon;
				CODE_SIGN_STYLE = Automatic;
				DEVELOPMENT_TEAM = EE29XD2KE9;
				INFOPLIST_FILE = StreetDraw/Info.plist;
				LD_RUNPATH_SEARCH_PATHS = (
					"$(inherited)",
					"@executable_path/Frameworks",
				);
				PRODUCT_BUNDLE_IDENTIFIER = de2rs.StreetDrawrs;
				PRODUCT_NAME = "$(TARGET_NAME)";
				SWIFT_VERSION = 5.0;
				TARGETED_DEVICE_FAMILY = "1,2";
			};
			name = Release;
		};
/* End XCBuildConfiguration section */

/* Begin XCConfigurationList section */
		FC5B05832381B02B0095A43B /* Build configuration list for PBXProject "StreetDraw" */ = {
			isa = XCConfigurationList;
			buildConfigurations = (
				FC5B059A2381B02C0095A43B /* Debug */,
				FC5B059B2381B02C0095A43B /* Release */,
			);
			defaultConfigurationIsVisible = 0;
			defaultConfigurationName = Release;
		};
		FC5B059C2381B02C0095A43B /* Build configuration list for PBXNativeTarget "StreetDraw" */ = {
			isa = XCConfigurationList;
			buildConfigurations = (
				FC5B059D2381B02C0095A43B /* Debug */,
				FC5B059E2381B02C0095A43B /* Release */,
			);
			defaultConfigurationIsVisible = 0;
			defaultConfigurationName = Release;
		};
/* End XCConfigurationList section */
	};
	rootObject = FC5B05802381B02B0095A43B /* Project object */;
}
